
Microsoft Visual Studio Solution File, Format Version 12.00
# Visual Studio Version 16
VisualStudioVersion = 16.0.30204.135
MinimumVisualStudioVersion = 10.0.40219.1
Project("{9A19103F-16F7-4668-BE54-9A1E7A4F7556}") = "Empresa", "Empresa\Empresa.csproj", "{B2C0CB62-6999-4AFC-BCC8-C42E7E13392B}"
EndProject
Project("{FAE04EC0-301F-11D3-BF4B-00C04F79EFBC}") = "LanchesMac", "LanchesMac\LanchesMac.csproj", "{9DD7D5EF-46E1-4E60-A95A-178353B1D5DD}"
EndProject
Global
	GlobalSection(SolutionConfigurationPlatforms) = preSolution
		Debug|Any CPU = Debug|Any CPU
		Release|Any CPU = Release|Any CPU
	EndGlobalSection
	GlobalSection(ProjectConfigurationPlatforms) = postSolution
		{B2C0CB62-6999-4AFC-BCC8-C42E7E13392B}.Debug|Any CPU.ActiveCfg = Debug|Any CPU
		{B2C0CB62-6999-4AFC-BCC8-C42E7E13392B}.Debug|Any CPU.Build.0 = Debug|Any CPU
		{B2C0CB62-6999-4AFC-BCC8-C42E7E13392B}.Release|Any CPU.ActiveCfg = Release|Any CPU
		{B2C0CB62-6999-4AFC-BCC8-C42E7E13392B}.Release|Any CPU.Build.0 = Release|Any CPU
		{9DD7D5EF-46E1-4E60-A95A-178353B1D5DD}.Debug|Any CPU.ActiveCfg = Debug|Any CPU
		{9DD7D5EF-46E1-4E60-A95A-178353B1D5DD}.Debug|Any CPU.Build.0 = Debug|Any CPU
		{9DD7D5EF-46E1-4E60-A95A-178353B1D5DD}.Release|Any CPU.ActiveCfg = Release|Any CPU
		{9DD7D5EF-46E1-4E60-A95A-178353B1D5DD}.Release|Any CPU.Build.0 = Release|Any CPU
	EndGlobalSection
	GlobalSection(SolutionProperties) = preSolution
		HideSolutionNode = FALSE
	EndGlobalSection
	GlobalSection(ExtensibilityGlobals) = postSolution
		SolutionGuid = {DA6D5953-F106-4981-9FF8-7DA8A019C166}
	EndGlobalSection
EndGlobal
